// !$*UTF8*$!
{
	archiveVersion = 1;
	classes = {
	};
	objectVersion = 55;
	objects = {

/* Begin PBXBuildFile section */
		CB42AC3B290F95BF0094B171 /* .swiftlint.yml in Resources */ = {isa = PBXBuildFile; fileRef = CB42AC3A290F95BF0094B171 /* .swiftlint.yml */; };
		CB4771F12987828F00079755 /* Math.swift in Sources */ = {isa = PBXBuildFile; fileRef = CB4771F02987828F00079755 /* Math.swift */; };
		CB495C9C2925FCD300455178 /* Metal Store.swift in Sources */ = {isa = PBXBuildFile; fileRef = CB495C9B2925FCD300455178 /* Metal Store.swift */; };
		CB66759F27C48EB200FD0E5E /* Basic Shaders.metal in Sources */ = {isa = PBXBuildFile; fileRef = CB66759E27C48EB200FD0E5E /* Basic Shaders.metal */; };
		CB6675A527C594DD00FD0E5E /* MetalView.swift in Sources */ = {isa = PBXBuildFile; fileRef = CB6675A427C594DD00FD0E5E /* MetalView.swift */; };
		CB6675A927C6B9B900FD0E5E /* Entity.swift in Sources */ = {isa = PBXBuildFile; fileRef = CB6675A827C6B9B900FD0E5E /* Entity.swift */; };
		CB6675AF27C6C5F400FD0E5E /* Translatable.swift in Sources */ = {isa = PBXBuildFile; fileRef = CB6675AE27C6C5F400FD0E5E /* Translatable.swift */; };
		CB6675B227C6C80700FD0E5E /* Rotatable.swift in Sources */ = {isa = PBXBuildFile; fileRef = CB6675B127C6C80700FD0E5E /* Rotatable.swift */; };
		CB81ACA027C814830019FA2B /* Scalable.swift in Sources */ = {isa = PBXBuildFile; fileRef = CB81AC9F27C814830019FA2B /* Scalable.swift */; };
		CB81ACA427C816060019FA2B /* Transformable.swift in Sources */ = {isa = PBXBuildFile; fileRef = CB81ACA327C816060019FA2B /* Transformable.swift */; };
		CB81ACA827C81C550019FA2B /* Renderable.swift in Sources */ = {isa = PBXBuildFile; fileRef = CB81ACA727C81C550019FA2B /* Renderable.swift */; };
		CB916CB62990952900B1B5D8 /* Render Settings.swift in Sources */ = {isa = PBXBuildFile; fileRef = CB916CB52990952900B1B5D8 /* Render Settings.swift */; };
		CBA38A4C27C81E1700DDBC82 /* YuzuKit in Frameworks */ = {isa = PBXBuildFile; productRef = CBA38A4B27C81E1700DDBC82 /* YuzuKit */; };
		CBA986592918894A00AE9E17 /* DebugView.swift in Sources */ = {isa = PBXBuildFile; fileRef = CBA986582918894A00AE9E17 /* DebugView.swift */; };
		CBA9865B29188A6300AE9E17 /* UI View.swift in Sources */ = {isa = PBXBuildFile; fileRef = CBA9865A29188A6300AE9E17 /* UI View.swift */; };
		CBA9865E291A168400AE9E17 /* Kestrel.swift in Sources */ = {isa = PBXBuildFile; fileRef = CBA9865D291A168400AE9E17 /* Kestrel.swift */; };
		CBA9D63B27C9DDB8006EDA6E /* Standard Camera.swift in Sources */ = {isa = PBXBuildFile; fileRef = CBA9D63A27C9DDB8006EDA6E /* Standard Camera.swift */; };
		CBA9D63E27C9DE37006EDA6E /* Camera.swift in Sources */ = {isa = PBXBuildFile; fileRef = CBA9D63D27C9DE37006EDA6E /* Camera.swift */; };
		CBA9D64027C9F1FF006EDA6E /* Service Locator.swift in Sources */ = {isa = PBXBuildFile; fileRef = CBA9D63F27C9F1FF006EDA6E /* Service Locator.swift */; };
		CBB84B412920AB3700E7DDF8 /* MTLClearColor.swift in Sources */ = {isa = PBXBuildFile; fileRef = CBB84B402920AB3700E7DDF8 /* MTLClearColor.swift */; };
		CBC59CBC27C840E8000EDF85 /* Sphere.swift in Sources */ = {isa = PBXBuildFile; fileRef = CBC59CBB27C840E8000EDF85 /* Sphere.swift */; };
		CBD16DFC2998170800501157 /* Render Pipeline Descriptor Library.swift in Sources */ = {isa = PBXBuildFile; fileRef = CBD16DFB2998170800501157 /* Render Pipeline Descriptor Library.swift */; };
		CBD16DFE2998189F00501157 /* Vertex Descriptor Library.swift in Sources */ = {isa = PBXBuildFile; fileRef = CBD16DFD2998189F00501157 /* Vertex Descriptor Library.swift */; };
		CBD16E00299969F200501157 /* Shader Library.swift in Sources */ = {isa = PBXBuildFile; fileRef = CBD16DFF299969F200501157 /* Shader Library.swift */; };
		CBD16E0229996EF700501157 /* Render Pipeline State Library.swift in Sources */ = {isa = PBXBuildFile; fileRef = CBD16E0129996EF700501157 /* Render Pipeline State Library.swift */; };
		CBDB4ABC2990373800DABA3D /* sphere.obj in Resources */ = {isa = PBXBuildFile; fileRef = CBDB4ABB2990373800DABA3D /* sphere.obj */; };
		CBDB4ABE299037AC00DABA3D /* star.obj in Resources */ = {isa = PBXBuildFile; fileRef = CBDB4ABD299037AC00DABA3D /* star.obj */; };
		CBDB4AC22990386A00DABA3D /* teapot.obj in Resources */ = {isa = PBXBuildFile; fileRef = CBDB4AC12990386A00DABA3D /* teapot.obj */; };
		CBDB4AC429903A7200DABA3D /* Mesh Library.swift in Sources */ = {isa = PBXBuildFile; fileRef = CBDB4AC329903A7200DABA3D /* Mesh Library.swift */; };
		CBDD5AC527BED36C00534C23 /* KestrelApp.swift in Sources */ = {isa = PBXBuildFile; fileRef = CBDD5AC427BED36C00534C23 /* KestrelApp.swift */; };
		CBDD5AC727BED36C00534C23 /* GameView.swift in Sources */ = {isa = PBXBuildFile; fileRef = CBDD5AC627BED36C00534C23 /* GameView.swift */; };
		CBDD5AC927BED36C00534C23 /* Assets.xcassets in Resources */ = {isa = PBXBuildFile; fileRef = CBDD5AC827BED36C00534C23 /* Assets.xcassets */; };
		CBDD5AD427BEDE2400534C23 /* Renderer.swift in Sources */ = {isa = PBXBuildFile; fileRef = CBDD5AD327BEDE2400534C23 /* Renderer.swift */; };
/* End PBXBuildFile section */

/* Begin PBXFileReference section */
		CB42AC3A290F95BF0094B171 /* .swiftlint.yml */ = {isa = PBXFileReference; lastKnownFileType = text.yaml; path = .swiftlint.yml; sourceTree = "<group>"; };
		CB4771F02987828F00079755 /* Math.swift */ = {isa = PBXFileReference; lastKnownFileType = sourcecode.swift; path = Math.swift; sourceTree = "<group>"; };
		CB495C9B2925FCD300455178 /* Metal Store.swift */ = {isa = PBXFileReference; lastKnownFileType = sourcecode.swift; path = "Metal Store.swift"; sourceTree = "<group>"; };
		CB66759E27C48EB200FD0E5E /* Basic Shaders.metal */ = {isa = PBXFileReference; lastKnownFileType = sourcecode.metal; path = "Basic Shaders.metal"; sourceTree = "<group>"; };
		CB6675A427C594DD00FD0E5E /* MetalView.swift */ = {isa = PBXFileReference; lastKnownFileType = sourcecode.swift; path = MetalView.swift; sourceTree = "<group>"; };
		CB6675A627C6B7FA00FD0E5E /* Common.h */ = {isa = PBXFileReference; lastKnownFileType = sourcecode.c.h; path = Common.h; sourceTree = "<group>"; };
		CB6675A827C6B9B900FD0E5E /* Entity.swift */ = {isa = PBXFileReference; fileEncoding = 4; lastKnownFileType = sourcecode.swift; path = Entity.swift; sourceTree = "<group>"; };
		CB6675AE27C6C5F400FD0E5E /* Translatable.swift */ = {isa = PBXFileReference; lastKnownFileType = sourcecode.swift; path = Translatable.swift; sourceTree = "<group>"; };
		CB6675B127C6C80700FD0E5E /* Rotatable.swift */ = {isa = PBXFileReference; lastKnownFileType = sourcecode.swift; path = Rotatable.swift; sourceTree = "<group>"; };
		CB81AC9F27C814830019FA2B /* Scalable.swift */ = {isa = PBXFileReference; lastKnownFileType = sourcecode.swift; path = Scalable.swift; sourceTree = "<group>"; };
		CB81ACA327C816060019FA2B /* Transformable.swift */ = {isa = PBXFileReference; lastKnownFileType = sourcecode.swift; path = Transformable.swift; sourceTree = "<group>"; };
		CB81ACA727C81C550019FA2B /* Renderable.swift */ = {isa = PBXFileReference; lastKnownFileType = sourcecode.swift; path = Renderable.swift; sourceTree = "<group>"; };
		CB916CB52990952900B1B5D8 /* Render Settings.swift */ = {isa = PBXFileReference; lastKnownFileType = sourcecode.swift; path = "Render Settings.swift"; sourceTree = "<group>"; };
		CBA986582918894A00AE9E17 /* DebugView.swift */ = {isa = PBXFileReference; lastKnownFileType = sourcecode.swift; path = DebugView.swift; sourceTree = "<group>"; };
		CBA9865A29188A6300AE9E17 /* UI View.swift */ = {isa = PBXFileReference; lastKnownFileType = sourcecode.swift; path = "UI View.swift"; sourceTree = "<group>"; };
		CBA9865D291A168400AE9E17 /* Kestrel.swift */ = {isa = PBXFileReference; lastKnownFileType = sourcecode.swift; path = Kestrel.swift; sourceTree = "<group>"; };
		CBA9D63A27C9DDB8006EDA6E /* Standard Camera.swift */ = {isa = PBXFileReference; lastKnownFileType = sourcecode.swift; path = "Standard Camera.swift"; sourceTree = "<group>"; };
		CBA9D63D27C9DE37006EDA6E /* Camera.swift */ = {isa = PBXFileReference; lastKnownFileType = sourcecode.swift; path = Camera.swift; sourceTree = "<group>"; };
		CBA9D63F27C9F1FF006EDA6E /* Service Locator.swift */ = {isa = PBXFileReference; lastKnownFileType = sourcecode.swift; path = "Service Locator.swift"; sourceTree = "<group>"; };
		CBB84B402920AB3700E7DDF8 /* MTLClearColor.swift */ = {isa = PBXFileReference; lastKnownFileType = sourcecode.swift; path = MTLClearColor.swift; sourceTree = "<group>"; };
		CBC59CBB27C840E8000EDF85 /* Sphere.swift */ = {isa = PBXFileReference; lastKnownFileType = sourcecode.swift; path = Sphere.swift; sourceTree = "<group>"; };
		CBD16DFB2998170800501157 /* Render Pipeline Descriptor Library.swift */ = {isa = PBXFileReference; lastKnownFileType = sourcecode.swift; path = "Render Pipeline Descriptor Library.swift"; sourceTree = "<group>"; };
		CBD16DFD2998189F00501157 /* Vertex Descriptor Library.swift */ = {isa = PBXFileReference; lastKnownFileType = sourcecode.swift; path = "Vertex Descriptor Library.swift"; sourceTree = "<group>"; };
		CBD16DFF299969F200501157 /* Shader Library.swift */ = {isa = PBXFileReference; lastKnownFileType = sourcecode.swift; path = "Shader Library.swift"; sourceTree = "<group>"; };
		CBD16E0129996EF700501157 /* Render Pipeline State Library.swift */ = {isa = PBXFileReference; lastKnownFileType = sourcecode.swift; path = "Render Pipeline State Library.swift"; sourceTree = "<group>"; };
		CBDB4ABB2990373800DABA3D /* sphere.obj */ = {isa = PBXFileReference; lastKnownFileType = text; path = sphere.obj; sourceTree = "<group>"; };
		CBDB4ABD299037AC00DABA3D /* star.obj */ = {isa = PBXFileReference; lastKnownFileType = text; path = star.obj; sourceTree = "<group>"; };
		CBDB4AC12990386A00DABA3D /* teapot.obj */ = {isa = PBXFileReference; lastKnownFileType = text; path = teapot.obj; sourceTree = "<group>"; };
		CBDB4AC329903A7200DABA3D /* Mesh Library.swift */ = {isa = PBXFileReference; lastKnownFileType = sourcecode.swift; path = "Mesh Library.swift"; sourceTree = "<group>"; };
		CBDD5AC127BED36C00534C23 /* Kestrel.app */ = {isa = PBXFileReference; explicitFileType = wrapper.application; includeInIndex = 0; path = Kestrel.app; sourceTree = BUILT_PRODUCTS_DIR; };
		CBDD5AC427BED36C00534C23 /* KestrelApp.swift */ = {isa = PBXFileReference; lastKnownFileType = sourcecode.swift; path = KestrelApp.swift; sourceTree = "<group>"; };
		CBDD5AC627BED36C00534C23 /* GameView.swift */ = {isa = PBXFileReference; lastKnownFileType = sourcecode.swift; path = GameView.swift; sourceTree = "<group>"; };
		CBDD5AC827BED36C00534C23 /* Assets.xcassets */ = {isa = PBXFileReference; lastKnownFileType = folder.assetcatalog; path = Assets.xcassets; sourceTree = "<group>"; };
		CBDD5ACD27BED36C00534C23 /* Kestrel.entitlements */ = {isa = PBXFileReference; lastKnownFileType = text.plist.entitlements; path = Kestrel.entitlements; sourceTree = "<group>"; };
		CBDD5AD327BEDE2400534C23 /* Renderer.swift */ = {isa = PBXFileReference; lastKnownFileType = sourcecode.swift; path = Renderer.swift; sourceTree = "<group>"; };
/* End PBXFileReference section */

/* Begin PBXFrameworksBuildPhase section */
		CBDD5ABE27BED36C00534C23 /* Frameworks */ = {
			isa = PBXFrameworksBuildPhase;
			buildActionMask = 2147483647;
			files = (
				CBA38A4C27C81E1700DDBC82 /* YuzuKit in Frameworks */,
			);
			runOnlyForDeploymentPostprocessing = 0;
		};
/* End PBXFrameworksBuildPhase section */

/* Begin PBXGroup section */
		CB495C9D2925FDC700455178 /* Metal */ = {
			isa = PBXGroup;
			children = (
				CB4771F02987828F00079755 /* Math.swift */,
				CBDB4AC329903A7200DABA3D /* Mesh Library.swift */,
				CB495C9B2925FCD300455178 /* Metal Store.swift */,
				CBD16DFB2998170800501157 /* Render Pipeline Descriptor Library.swift */,
				CBD16E0129996EF700501157 /* Render Pipeline State Library.swift */,
				CBD16DFF299969F200501157 /* Shader Library.swift */,
				CBD16DFD2998189F00501157 /* Vertex Descriptor Library.swift */,
				CBC59CC527C991ED000EDF85 /* Graphics Shaders */,
			);
			path = Metal;
			sourceTree = "<group>";
		};
		CB6675A727C6B81500FD0E5E /* Entity */ = {
			isa = PBXGroup;
			children = (
				CB6675A827C6B9B900FD0E5E /* Entity.swift */,
				CBA9D63C27C9DDCB006EDA6E /* Cameras */,
				CBC59CBA27C840D3000EDF85 /* Shapes */,
			);
			path = Entity;
			sourceTree = "<group>";
		};
		CB6675AA27C6B9FC00FD0E5E /* Component */ = {
			isa = PBXGroup;
			children = (
				CBA9D63D27C9DE37006EDA6E /* Camera.swift */,
				CB81ACA727C81C550019FA2B /* Renderable.swift */,
				CB6675B127C6C80700FD0E5E /* Rotatable.swift */,
				CB81AC9F27C814830019FA2B /* Scalable.swift */,
				CB81ACA327C816060019FA2B /* Transformable.swift */,
				CB6675AE27C6C5F400FD0E5E /* Translatable.swift */,
			);
			path = Component;
			sourceTree = "<group>";
		};
		CBA38A4A27C81E1700DDBC82 /* Frameworks */ = {
			isa = PBXGroup;
			children = (
			);
			name = Frameworks;
			sourceTree = "<group>";
		};
		CBA9865C291A166900AE9E17 /* Kestrel */ = {
			isa = PBXGroup;
			children = (
				CBA9865D291A168400AE9E17 /* Kestrel.swift */,
				CBB84B402920AB3700E7DDF8 /* MTLClearColor.swift */,
			);
			path = Kestrel;
			sourceTree = "<group>";
		};
		CBA9865F291A16F000AE9E17 /* UI View */ = {
			isa = PBXGroup;
			children = (
				CBA9865A29188A6300AE9E17 /* UI View.swift */,
				CBA986582918894A00AE9E17 /* DebugView.swift */,
			);
			path = "UI View";
			sourceTree = "<group>";
		};
		CBA9D63C27C9DDCB006EDA6E /* Cameras */ = {
			isa = PBXGroup;
			children = (
				CBA9D63A27C9DDB8006EDA6E /* Standard Camera.swift */,
			);
			path = Cameras;
			sourceTree = "<group>";
		};
		CBC59CBA27C840D3000EDF85 /* Shapes */ = {
			isa = PBXGroup;
			children = (
				CBC59CBB27C840E8000EDF85 /* Sphere.swift */,
			);
			path = Shapes;
			sourceTree = "<group>";
		};
		CBC59CBF27C98FA6000EDF85 /* Assets */ = {
			isa = PBXGroup;
			children = (
				CBDD5AC827BED36C00534C23 /* Assets.xcassets */,
				CBDB4ABA2990370700DABA3D /* Models */,
			);
			path = Assets;
			sourceTree = "<group>";
		};
		CBC59CC027C98FB0000EDF85 /* Application */ = {
			isa = PBXGroup;
			children = (
				CB6675A627C6B7FA00FD0E5E /* Common.h */,
				CBA9865C291A166900AE9E17 /* Kestrel */,
				CBC59CC227C99011000EDF85 /* SwiftUI */,
				CBC59CC127C98FDB000EDF85 /* macOS */,
			);
			path = Application;
			sourceTree = "<group>";
		};
		CBC59CC127C98FDB000EDF85 /* macOS */ = {
			isa = PBXGroup;
			children = (
				CBDD5ACD27BED36C00534C23 /* Kestrel.entitlements */,
			);
			path = macOS;
			sourceTree = "<group>";
		};
		CBC59CC227C99011000EDF85 /* SwiftUI */ = {
			isa = PBXGroup;
			children = (
				CBA9865F291A16F000AE9E17 /* UI View */,
				CBDD5AC627BED36C00534C23 /* GameView.swift */,
				CB6675A427C594DD00FD0E5E /* MetalView.swift */,
			);
			path = SwiftUI;
			sourceTree = "<group>";
		};
		CBC59CC327C99085000EDF85 /* Services */ = {
			isa = PBXGroup;
			children = (
				CBA9D63F27C9F1FF006EDA6E /* Service Locator.swift */,
				CBC59CC427C991DF000EDF85 /* Renderer */,
			);
			path = Services;
			sourceTree = "<group>";
		};
		CBC59CC427C991DF000EDF85 /* Renderer */ = {
			isa = PBXGroup;
			children = (
				CBDD5AD327BEDE2400534C23 /* Renderer.swift */,
				CB916CB52990952900B1B5D8 /* Render Settings.swift */,
			);
			path = Renderer;
			sourceTree = "<group>";
		};
		CBC59CC527C991ED000EDF85 /* Graphics Shaders */ = {
			isa = PBXGroup;
			children = (
				CB66759E27C48EB200FD0E5E /* Basic Shaders.metal */,
			);
			path = "Graphics Shaders";
			sourceTree = "<group>";
		};
		CBDB4ABA2990370700DABA3D /* Models */ = {
			isa = PBXGroup;
			children = (
				CBDB4ABB2990373800DABA3D /* sphere.obj */,
				CBDB4ABD299037AC00DABA3D /* star.obj */,
				CBDB4AC12990386A00DABA3D /* teapot.obj */,
			);
			path = Models;
			sourceTree = "<group>";
		};
		CBDD5AB827BED36C00534C23 = {
			isa = PBXGroup;
			children = (
				CBDD5AC327BED36C00534C23 /* Kestrel */,
				CBDD5AC227BED36C00534C23 /* Products */,
				CBA38A4A27C81E1700DDBC82 /* Frameworks */,
			);
			sourceTree = "<group>";
		};
		CBDD5AC227BED36C00534C23 /* Products */ = {
			isa = PBXGroup;
			children = (
				CBDD5AC127BED36C00534C23 /* Kestrel.app */,
			);
			name = Products;
			sourceTree = "<group>";
		};
		CBDD5AC327BED36C00534C23 /* Kestrel */ = {
			isa = PBXGroup;
			children = (
				CBDD5AC427BED36C00534C23 /* KestrelApp.swift */,
				CBC59CC027C98FB0000EDF85 /* Application */,
				CBC59CBF27C98FA6000EDF85 /* Assets */,
				CB6675AA27C6B9FC00FD0E5E /* Component */,
				CB6675A727C6B81500FD0E5E /* Entity */,
				CB495C9D2925FDC700455178 /* Metal */,
				CBC59CC327C99085000EDF85 /* Services */,
				CB42AC3A290F95BF0094B171 /* .swiftlint.yml */,
			);
			path = Kestrel;
			sourceTree = "<group>";
		};
/* End PBXGroup section */

/* Begin PBXNativeTarget section */
		CBDD5AC027BED36C00534C23 /* Kestrel */ = {
			isa = PBXNativeTarget;
			buildConfigurationList = CBDD5AD027BED36C00534C23 /* Build configuration list for PBXNativeTarget "Kestrel" */;
			buildPhases = (
				CBDD5ABD27BED36C00534C23 /* Sources */,
				CBDD5ABE27BED36C00534C23 /* Frameworks */,
				CBDD5ABF27BED36C00534C23 /* Resources */,
				CB62D30B290E463500A7A4BD /* ShellScript */,
			);
			buildRules = (
			);
			dependencies = (
			);
			name = Kestrel;
			packageProductDependencies = (
				CBA38A4B27C81E1700DDBC82 /* YuzuKit */,
			);
			productName = Kestrel;
			productReference = CBDD5AC127BED36C00534C23 /* Kestrel.app */;
			productType = "com.apple.product-type.application";
		};
/* End PBXNativeTarget section */

/* Begin PBXProject section */
		CBDD5AB927BED36C00534C23 /* Project object */ = {
			isa = PBXProject;
			attributes = {
				BuildIndependentTargetsInParallel = 1;
				LastSwiftUpdateCheck = 1320;
				LastUpgradeCheck = 1400;
				TargetAttributes = {
					CBDD5AC027BED36C00534C23 = {
						CreatedOnToolsVersion = 13.2.1;
					};
				};
			};
			buildConfigurationList = CBDD5ABC27BED36C00534C23 /* Build configuration list for PBXProject "Kestrel" */;
			compatibilityVersion = "Xcode 13.0";
			developmentRegion = en;
			hasScannedForEncodings = 0;
			knownRegions = (
				en,
				Base,
			);
			mainGroup = CBDD5AB827BED36C00534C23;
			packageReferences = (
				CB0713622910CE74004127EA /* XCRemoteSwiftPackageReference "yuzu-kit" */,
			);
			productRefGroup = CBDD5AC227BED36C00534C23 /* Products */;
			projectDirPath = "";
			projectRoot = "";
			targets = (
				CBDD5AC027BED36C00534C23 /* Kestrel */,
			);
		};
/* End PBXProject section */

/* Begin PBXResourcesBuildPhase section */
		CBDD5ABF27BED36C00534C23 /* Resources */ = {
			isa = PBXResourcesBuildPhase;
			buildActionMask = 2147483647;
			files = (
				CB42AC3B290F95BF0094B171 /* .swiftlint.yml in Resources */,
				CBDB4AC22990386A00DABA3D /* teapot.obj in Resources */,
				CBDB4ABC2990373800DABA3D /* sphere.obj in Resources */,
				CBDD5AC927BED36C00534C23 /* Assets.xcassets in Resources */,
				CBDB4ABE299037AC00DABA3D /* star.obj in Resources */,
			);
			runOnlyForDeploymentPostprocessing = 0;
		};
/* End PBXResourcesBuildPhase section */

/* Begin PBXShellScriptBuildPhase section */
		CB62D30B290E463500A7A4BD /* ShellScript */ = {
			isa = PBXShellScriptBuildPhase;
			alwaysOutOfDate = 1;
			buildActionMask = 2147483647;
			files = (
			);
			inputFileListPaths = (
			);
			inputPaths = (
			);
			outputFileListPaths = (
			);
			outputPaths = (
			);
			runOnlyForDeploymentPostprocessing = 0;
			shellPath = /bin/sh;
			shellScript = "export PATH=\"$PATH:/opt/homebrew/bin\"\nif which swiftlint > /dev/null; then\n  swiftlint --fix && swiftlint\nelse\n  echo \"warning: SwiftLint not installed, download from https://github.com/realm/SwiftLint\"\nfi\n";
		};
/* End PBXShellScriptBuildPhase section */

/* Begin PBXSourcesBuildPhase section */
		CBDD5ABD27BED36C00534C23 /* Sources */ = {
			isa = PBXSourcesBuildPhase;
			buildActionMask = 2147483647;
			files = (
				CB81ACA427C816060019FA2B /* Transformable.swift in Sources */,
				CB66759F27C48EB200FD0E5E /* Basic Shaders.metal in Sources */,
				CBD16DFE2998189F00501157 /* Vertex Descriptor Library.swift in Sources */,
				CB6675AF27C6C5F400FD0E5E /* Translatable.swift in Sources */,
				CBDD5AC727BED36C00534C23 /* GameView.swift in Sources */,
				CB6675B227C6C80700FD0E5E /* Rotatable.swift in Sources */,
				CBA9D64027C9F1FF006EDA6E /* Service Locator.swift in Sources */,
				CBD16DFC2998170800501157 /* Render Pipeline Descriptor Library.swift in Sources */,
				CBDB4AC429903A7200DABA3D /* Mesh Library.swift in Sources */,
				CB6675A927C6B9B900FD0E5E /* Entity.swift in Sources */,
				CBB84B412920AB3700E7DDF8 /* MTLClearColor.swift in Sources */,
				CBD16E00299969F200501157 /* Shader Library.swift in Sources */,
				CB6675A527C594DD00FD0E5E /* MetalView.swift in Sources */,
				CB81ACA827C81C550019FA2B /* Renderable.swift in Sources */,
				CBA9865E291A168400AE9E17 /* Kestrel.swift in Sources */,
				CBDD5AD427BEDE2400534C23 /* Renderer.swift in Sources */,
				CB81ACA027C814830019FA2B /* Scalable.swift in Sources */,
				CBD16E0229996EF700501157 /* Render Pipeline State Library.swift in Sources */,
				CB4771F12987828F00079755 /* Math.swift in Sources */,
				CBC59CBC27C840E8000EDF85 /* Sphere.swift in Sources */,
				CBA986592918894A00AE9E17 /* DebugView.swift in Sources */,
				CB916CB62990952900B1B5D8 /* Render Settings.swift in Sources */,
				CBA9D63E27C9DE37006EDA6E /* Camera.swift in Sources */,
				CBA9D63B27C9DDB8006EDA6E /* Standard Camera.swift in Sources */,
				CB495C9C2925FCD300455178 /* Metal Store.swift in Sources */,
				CBA9865B29188A6300AE9E17 /* UI View.swift in Sources */,
				CBDD5AC527BED36C00534C23 /* KestrelApp.swift in Sources */,
			);
			runOnlyForDeploymentPostprocessing = 0;
		};
/* End PBXSourcesBuildPhase section */

/* Begin XCBuildConfiguration section */
		CBDD5ACE27BED36C00534C23 /* Debug */ = {
			isa = XCBuildConfiguration;
			buildSettings = {
				ALWAYS_SEARCH_USER_PATHS = NO;
				APPLY_RULES_IN_COPY_HEADERS = YES;
				CLANG_ANALYZER_NONNULL = YES;
				CLANG_ANALYZER_NUMBER_OBJECT_CONVERSION = YES_AGGRESSIVE;
				CLANG_CXX_LANGUAGE_STANDARD = "gnu++17";
				CLANG_CXX_LIBRARY = "libc++";
				CLANG_ENABLE_MODULES = YES;
				CLANG_ENABLE_OBJC_ARC = YES;
				CLANG_ENABLE_OBJC_WEAK = YES;
				CLANG_WARN_BLOCK_CAPTURE_AUTORELEASING = YES;
				CLANG_WARN_BOOL_CONVERSION = YES;
				CLANG_WARN_COMMA = YES;
				CLANG_WARN_CONSTANT_CONVERSION = YES;
				CLANG_WARN_DEPRECATED_OBJC_IMPLEMENTATIONS = YES;
				CLANG_WARN_DIRECT_OBJC_ISA_USAGE = YES_ERROR;
				CLANG_WARN_DOCUMENTATION_COMMENTS = YES;
				CLANG_WARN_EMPTY_BODY = YES;
				CLANG_WARN_ENUM_CONVERSION = YES;
				CLANG_WARN_INFINITE_RECURSION = YES;
				CLANG_WARN_INT_CONVERSION = YES;
				CLANG_WARN_NON_LITERAL_NULL_CONVERSION = YES;
				CLANG_WARN_OBJC_IMPLICIT_RETAIN_SELF = YES;
				CLANG_WARN_OBJC_LITERAL_CONVERSION = YES;
				CLANG_WARN_OBJC_ROOT_CLASS = YES_ERROR;
				CLANG_WARN_QUOTED_INCLUDE_IN_FRAMEWORK_HEADER = YES;
				CLANG_WARN_RANGE_LOOP_ANALYSIS = YES;
				CLANG_WARN_STRICT_PROTOTYPES = YES;
				CLANG_WARN_SUSPICIOUS_MOVE = YES;
				CLANG_WARN_UNGUARDED_AVAILABILITY = YES_AGGRESSIVE;
				CLANG_WARN_UNREACHABLE_CODE = YES;
				CLANG_WARN__DUPLICATE_METHOD_MATCH = YES;
				COPY_HEADERS_RUN_UNIFDEF = YES;
				COPY_PHASE_STRIP = NO;
				DEAD_CODE_STRIPPING = YES;
				DEBUG_INFORMATION_FORMAT = dwarf;
				ENABLE_STRICT_OBJC_MSGSEND = YES;
				ENABLE_TESTABILITY = YES;
				GCC_C_LANGUAGE_STANDARD = gnu11;
				GCC_DYNAMIC_NO_PIC = NO;
				GCC_NO_COMMON_BLOCKS = YES;
				GCC_OPTIMIZATION_LEVEL = 0;
				GCC_PREPROCESSOR_DEFINITIONS = (
					"DEBUG=1",
					"$(inherited)",
				);
				GCC_WARN_64_TO_32_BIT_CONVERSION = YES;
				GCC_WARN_ABOUT_RETURN_TYPE = YES_ERROR;
				GCC_WARN_UNDECLARED_SELECTOR = YES;
				GCC_WARN_UNINITIALIZED_AUTOS = YES_AGGRESSIVE;
				GCC_WARN_UNUSED_FUNCTION = YES;
				GCC_WARN_UNUSED_VARIABLE = YES;
				MACOSX_DEPLOYMENT_TARGET = 12.1;
				MTL_ENABLE_DEBUG_INFO = INCLUDE_SOURCE;
				MTL_FAST_MATH = YES;
				ONLY_ACTIVE_ARCH = YES;
				SDKROOT = macosx;
				SWIFT_ACTIVE_COMPILATION_CONDITIONS = DEBUG;
				SWIFT_OPTIMIZATION_LEVEL = "-Onone";
				SWIFT_PRECOMPILE_BRIDGING_HEADER = NO;
			};
			name = Debug;
		};
		CBDD5ACF27BED36C00534C23 /* Release */ = {
			isa = XCBuildConfiguration;
			buildSettings = {
				ALWAYS_SEARCH_USER_PATHS = NO;
				APPLY_RULES_IN_COPY_HEADERS = YES;
				CLANG_ANALYZER_NONNULL = YES;
				CLANG_ANALYZER_NUMBER_OBJECT_CONVERSION = YES_AGGRESSIVE;
				CLANG_CXX_LANGUAGE_STANDARD = "gnu++17";
				CLANG_CXX_LIBRARY = "libc++";
				CLANG_ENABLE_MODULES = YES;
				CLANG_ENABLE_OBJC_ARC = YES;
				CLANG_ENABLE_OBJC_WEAK = YES;
				CLANG_WARN_BLOCK_CAPTURE_AUTORELEASING = YES;
				CLANG_WARN_BOOL_CONVERSION = YES;
				CLANG_WARN_COMMA = YES;
				CLANG_WARN_CONSTANT_CONVERSION = YES;
				CLANG_WARN_DEPRECATED_OBJC_IMPLEMENTATIONS = YES;
				CLANG_WARN_DIRECT_OBJC_ISA_USAGE = YES_ERROR;
				CLANG_WARN_DOCUMENTATION_COMMENTS = YES;
				CLANG_WARN_EMPTY_BODY = YES;
				CLANG_WARN_ENUM_CONVERSION = YES;
				CLANG_WARN_INFINITE_RECURSION = YES;
				CLANG_WARN_INT_CONVERSION = YES;
				CLANG_WARN_NON_LITERAL_NULL_CONVERSION = YES;
				CLANG_WARN_OBJC_IMPLICIT_RETAIN_SELF = YES;
				CLANG_WARN_OBJC_LITERAL_CONVERSION = YES;
				CLANG_WARN_OBJC_ROOT_CLASS = YES_ERROR;
				CLANG_WARN_QUOTED_INCLUDE_IN_FRAMEWORK_HEADER = YES;
				CLANG_WARN_RANGE_LOOP_ANALYSIS = YES;
				CLANG_WARN_STRICT_PROTOTYPES = YES;
				CLANG_WARN_SUSPICIOUS_MOVE = YES;
				CLANG_WARN_UNGUARDED_AVAILABILITY = YES_AGGRESSIVE;
				CLANG_WARN_UNREACHABLE_CODE = YES;
				CLANG_WARN__DUPLICATE_METHOD_MATCH = YES;
				COPY_HEADERS_RUN_UNIFDEF = YES;
				COPY_PHASE_STRIP = NO;
				DEAD_CODE_STRIPPING = YES;
				DEBUG_INFORMATION_FORMAT = "dwarf-with-dsym";
				ENABLE_NS_ASSERTIONS = NO;
				ENABLE_STRICT_OBJC_MSGSEND = YES;
				GCC_C_LANGUAGE_STANDARD = gnu11;
				GCC_NO_COMMON_BLOCKS = YES;
				GCC_WARN_64_TO_32_BIT_CONVERSION = YES;
				GCC_WARN_ABOUT_RETURN_TYPE = YES_ERROR;
				GCC_WARN_UNDECLARED_SELECTOR = YES;
				GCC_WARN_UNINITIALIZED_AUTOS = YES_AGGRESSIVE;
				GCC_WARN_UNUSED_FUNCTION = YES;
				GCC_WARN_UNUSED_VARIABLE = YES;
				MACOSX_DEPLOYMENT_TARGET = 12.1;
				MTL_ENABLE_DEBUG_INFO = NO;
				MTL_FAST_MATH = YES;
				SDKROOT = macosx;
				SWIFT_COMPILATION_MODE = wholemodule;
				SWIFT_OPTIMIZATION_LEVEL = "-O";
				SWIFT_PRECOMPILE_BRIDGING_HEADER = NO;
			};
			name = Release;
		};
		CBDD5AD127BED36C00534C23 /* Debug */ = {
			isa = XCBuildConfiguration;
			buildSettings = {
				APPLY_RULES_IN_COPY_HEADERS = YES;
				ASSETCATALOG_COMPILER_APPICON_NAME = AppIcon;
				ASSETCATALOG_COMPILER_GLOBAL_ACCENT_COLOR_NAME = AccentColor;
				CODE_SIGN_ENTITLEMENTS = Kestrel/Application/macOS/Kestrel.entitlements;
				CODE_SIGN_IDENTITY = "-";
				CODE_SIGN_STYLE = Automatic;
				COMBINE_HIDPI_IMAGES = YES;
				CURRENT_PROJECT_VERSION = 1;
				DEAD_CODE_STRIPPING = YES;
				DEVELOPMENT_ASSET_PATHS = "";
				DEVELOPMENT_TEAM = 974VNYM3V8;
				ENABLE_HARDENED_RUNTIME = YES;
				ENABLE_PREVIEWS = YES;
				GENERATE_INFOPLIST_FILE = YES;
				INFOPLIST_KEY_LSApplicationCategoryType = "public.app-category.games";
				INFOPLIST_KEY_NSHumanReadableCopyright = "";
				LD_RUNPATH_SEARCH_PATHS = (
					"$(inherited)",
					"@executable_path/../Frameworks",
				);
				MACOSX_DEPLOYMENT_TARGET = 13.0;
				MARKETING_VERSION = 1.0;
				PRODUCT_BUNDLE_IDENTIFIER = dev.kestrel;
				PRODUCT_NAME = "$(TARGET_NAME)";
				SCAN_ALL_SOURCE_FILES_FOR_INCLUDES = YES;
				SWIFT_EMIT_LOC_STRINGS = YES;
				SWIFT_INSTALL_OBJC_HEADER = NO;
				SWIFT_OBJC_BRIDGING_HEADER = "";
				"SWIFT_OBJC_BRIDGING_HEADER[arch=*]" = Kestrel/Application/Common.h;
				SWIFT_VERSION = 5.0;
				"USER_HEADER_SEARCH_PATHS[arch=*]" = "$(PROJECT_DIR)/lib";
			};
			name = Debug;
		};
		CBDD5AD227BED36C00534C23 /* Release */ = {
			isa = XCBuildConfiguration;
			buildSettings = {
				APPLY_RULES_IN_COPY_HEADERS = YES;
				ASSETCATALOG_COMPILER_APPICON_NAME = AppIcon;
				ASSETCATALOG_COMPILER_GLOBAL_ACCENT_COLOR_NAME = AccentColor;
				CODE_SIGN_ENTITLEMENTS = Kestrel/Application/macOS/Kestrel.entitlements;
				CODE_SIGN_IDENTITY = "-";
				CODE_SIGN_STYLE = Automatic;
				COMBINE_HIDPI_IMAGES = YES;
				CURRENT_PROJECT_VERSION = 1;
				DEAD_CODE_STRIPPING = YES;
				DEVELOPMENT_ASSET_PATHS = "";
				DEVELOPMENT_TEAM = 974VNYM3V8;
				ENABLE_HARDENED_RUNTIME = YES;
				ENABLE_PREVIEWS = YES;
				GENERATE_INFOPLIST_FILE = YES;
				INFOPLIST_KEY_LSApplicationCategoryType = "public.app-category.games";
				INFOPLIST_KEY_NSHumanReadableCopyright = "";
				LD_RUNPATH_SEARCH_PATHS = (
					"$(inherited)",
					"@executable_path/../Frameworks",
				);
				MACOSX_DEPLOYMENT_TARGET = 13.0;
				MARKETING_VERSION = 1.0;
				PRODUCT_BUNDLE_IDENTIFIER = dev.kestrel;
				PRODUCT_NAME = "$(TARGET_NAME)";
				SCAN_ALL_SOURCE_FILES_FOR_INCLUDES = YES;
				SWIFT_EMIT_LOC_STRINGS = YES;
				SWIFT_INSTALL_OBJC_HEADER = NO;
				SWIFT_OBJC_BRIDGING_HEADER = "";
				"SWIFT_OBJC_BRIDGING_HEADER[arch=*]" = Kestrel/Application/Common.h;
				SWIFT_VERSION = 5.0;
				"USER_HEADER_SEARCH_PATHS[arch=*]" = "$(PROJECT_DIR)/lib";
			};
			name = Release;
		};
/* End XCBuildConfiguration section */

/* Begin XCConfigurationList section */
		CBDD5ABC27BED36C00534C23 /* Build configuration list for PBXProject "Kestrel" */ = {
			isa = XCConfigurationList;
			buildConfigurations = (
				CBDD5ACE27BED36C00534C23 /* Debug */,
				CBDD5ACF27BED36C00534C23 /* Release */,
			);
			defaultConfigurationIsVisible = 0;
			defaultConfigurationName = Release;
		};
		CBDD5AD027BED36C00534C23 /* Build configuration list for PBXNativeTarget "Kestrel" */ = {
			isa = XCConfigurationList;
			buildConfigurations = (
				CBDD5AD127BED36C00534C23 /* Debug */,
				CBDD5AD227BED36C00534C23 /* Release */,
			);
			defaultConfigurationIsVisible = 0;
			defaultConfigurationName = Release;
		};
/* End XCConfigurationList section */

/* Begin XCRemoteSwiftPackageReference section */
		CB0713622910CE74004127EA /* XCRemoteSwiftPackageReference "yuzu-kit" */ = {
			isa = XCRemoteSwiftPackageReference;
			repositoryURL = "https://github.com/twistinside/yuzu-kit";
			requirement = {
				kind = exactVersion;
				version = 0.1.0;
			};
		};
/* End XCRemoteSwiftPackageReference section */

/* Begin XCSwiftPackageProductDependency section */
		CBA38A4B27C81E1700DDBC82 /* YuzuKit */ = {
			isa = XCSwiftPackageProductDependency;
			productName = YuzuKit;
		};
/* End XCSwiftPackageProductDependency section */
	};
	rootObject = CBDD5AB927BED36C00534C23 /* Project object */;
}
